
Microsoft Visual Studio Solution File, Format Version 12.00
# Visual Studio Version 17
VisualStudioVersion = 17.3.32901.215
MinimumVisualStudioVersion = 10.0.40219.1
Project("{FAE04EC0-301F-11D3-BF4B-00C04F79EFBC}") = "BookStore", "src\BookStore\BookStore.csproj", "{30911286-6B4F-41F8-A5A6-E59A6C79C052}"
EndProject
Global
	GlobalSection(SolutionConfigurationPlatforms) = preSolution
		Debug|Any CPU = Debug|Any CPU
		Release|Any CPU = Release|Any CPU
	EndGlobalSection
	GlobalSection(ProjectConfigurationPlatforms) = postSolution
		{30911286-6B4F-41F8-A5A6-E59A6C79C052}.Debug|Any CPU.ActiveCfg = Debug|Any CPU
		{30911286-6B4F-41F8-A5A6-E59A6C79C052}.Debug|Any CPU.Build.0 = Debug|Any CPU
		{30911286-6B4F-41F8-A5A6-E59A6C79C052}.Release|Any CPU.ActiveCfg = Release|Any CPU
		{30911286-6B4F-41F8-A5A6-E59A6C79C052}.Release|Any CPU.Build.0 = Release|Any CPU
	EndGlobalSection
	GlobalSection(SolutionProperties) = preSolution
		HideSolutionNode = FALSE
	EndGlobalSection
	GlobalSection(ExtensibilityGlobals) = postSolution
		SolutionGuid = {50B07778-7A96-4599-8254-122C69250E62}
	EndGlobalSection
EndGlobal
